Microsoft Visual Studio Solution File, Format Version 12.00
# Visual Studio 2012
Project("{FAE04EC0-301F-11D3-BF4B-00C04F79EFBC}") = "SphereWalking", "SphereWalking.csproj", "{C24A290B-755A-49CF-976B-91DEAA0F80C6}"
EndProject
Global
	GlobalSection(SolutionConfigurationPlatforms) = preSolution
	Debug|Any CPU = Debug|Any CPU
	ExportDebug|Any CPU = ExportDebug|Any CPU
	ExportRelease|Any CPU = ExportRelease|Any CPU
	EndGlobalSection
	GlobalSection(ProjectConfigurationPlatforms) = postSolution
		{C24A290B-755A-49CF-976B-91DEAA0F80C6}.Debug|Any CPU.ActiveCfg = Debug|Any CPU
		{C24A290B-755A-49CF-976B-91DEAA0F80C6}.Debug|Any CPU.Build.0 = Debug|Any CPU
		{C24A290B-755A-49CF-976B-91DEAA0F80C6}.ExportDebug|Any CPU.ActiveCfg = ExportDebug|Any CPU
		{C24A290B-755A-49CF-976B-91DEAA0F80C6}.ExportDebug|Any CPU.Build.0 = ExportDebug|Any CPU
		{C24A290B-755A-49CF-976B-91DEAA0F80C6}.ExportRelease|Any CPU.ActiveCfg = ExportRelease|Any CPU
		{C24A290B-755A-49CF-976B-91DEAA0F80C6}.ExportRelease|Any CPU.Build.0 = ExportRelease|Any CPU
	EndGlobalSection
EndGlobal
